// !$*UTF8*$!
{
	archiveVersion = 1;
	classes = {
	};
	objectVersion = 50;
	objects = {

/* Begin PBXBuildFile section */
		64A58AC324FCD54D00DD1999 /* MergeArr.m in Sources */ = {isa = PBXBuildFile; fileRef = 64A58AC224FCD54D00DD1999 /* MergeArr.m */; };
		64A58AC924FD00C100DD1999 /* FullPermutation.m in Sources */ = {isa = PBXBuildFile; fileRef = 64A58AC824FD00C100DD1999 /* FullPermutation.m */; };
		64A58ACC24FD07AA00DD1999 /* BinaryChop.m in Sources */ = {isa = PBXBuildFile; fileRef = 64A58ACB24FD07AA00DD1999 /* BinaryChop.m */; };
		9B85E7D024FB446F004A249A /* main.m in Sources */ = {isa = PBXBuildFile; fileRef = 9B85E7CF24FB446F004A249A /* main.m */; };
		9B85E7D824FB4497004A249A /* Sort.m in Sources */ = {isa = PBXBuildFile; fileRef = 9B85E7D724FB4497004A249A /* Sort.m */; };
		9B85E7DE24FB4EE0004A249A /* Tree.m in Sources */ = {isa = PBXBuildFile; fileRef = 9B85E7DD24FB4EE0004A249A /* Tree.m */; };
		9B85E7E124FB4F4C004A249A /* LinkedList.m in Sources */ = {isa = PBXBuildFile; fileRef = 9B85E7E024FB4F4C004A249A /* LinkedList.m */; };
		9BA9627C2501329900B68D2D /* LRUCache.m in Sources */ = {isa = PBXBuildFile; fileRef = 9BA9627B2501329900B68D2D /* LRUCache.m */; };
/* End PBXBuildFile section */

/* Begin PBXCopyFilesBuildPhase section */
		9B85E7CA24FB446F004A249A /* CopyFiles */ = {
			isa = PBXCopyFilesBuildPhase;
			buildActionMask = 2147483647;
			dstPath = /usr/share/man/man1/;
			dstSubfolderSpec = 0;
			files = (
			);
			runOnlyForDeploymentPostprocessing = 1;
		};
/* End PBXCopyFilesBuildPhase section */

/* Begin PBXFileReference section */
		64A58AC124FCD54D00DD1999 /* MergeArr.h */ = {isa = PBXFileReference; lastKnownFileType = sourcecode.c.h; path = MergeArr.h; sourceTree = "<group>"; };
		64A58AC224FCD54D00DD1999 /* MergeArr.m */ = {isa = PBXFileReference; lastKnownFileType = sourcecode.c.objc; path = MergeArr.m; sourceTree = "<group>"; };
		64A58AC724FD00C100DD1999 /* FullPermutation.h */ = {isa = PBXFileReference; lastKnownFileType = sourcecode.c.h; path = FullPermutation.h; sourceTree = "<group>"; };
		64A58AC824FD00C100DD1999 /* FullPermutation.m */ = {isa = PBXFileReference; lastKnownFileType = sourcecode.c.objc; path = FullPermutation.m; sourceTree = "<group>"; };
		64A58ACA24FD07AA00DD1999 /* BinaryChop.h */ = {isa = PBXFileReference; lastKnownFileType = sourcecode.c.h; path = BinaryChop.h; sourceTree = "<group>"; };
		64A58ACB24FD07AA00DD1999 /* BinaryChop.m */ = {isa = PBXFileReference; lastKnownFileType = sourcecode.c.objc; path = BinaryChop.m; sourceTree = "<group>"; };
		9B85E7CC24FB446F004A249A /* 算法 */ = {isa = PBXFileReference; explicitFileType = "compiled.mach-o.executable"; includeInIndex = 0; path = "算法"; sourceTree = BUILT_PRODUCTS_DIR; };
		9B85E7CF24FB446F004A249A /* main.m */ = {isa = PBXFileReference; lastKnownFileType = sourcecode.c.objc; path = main.m; sourceTree = "<group>"; };
		9B85E7D624FB4497004A249A /* Sort.h */ = {isa = PBXFileReference; lastKnownFileType = sourcecode.c.h; path = Sort.h; sourceTree = "<group>"; };
		9B85E7D724FB4497004A249A /* Sort.m */ = {isa = PBXFileReference; lastKnownFileType = sourcecode.c.objc; path = Sort.m; sourceTree = "<group>"; };
		9B85E7DC24FB4EE0004A249A /* Tree.h */ = {isa = PBXFileReference; lastKnownFileType = sourcecode.c.h; path = Tree.h; sourceTree = "<group>"; };
		9B85E7DD24FB4EE0004A249A /* Tree.m */ = {isa = PBXFileReference; lastKnownFileType = sourcecode.c.objc; path = Tree.m; sourceTree = "<group>"; };
		9B85E7DF24FB4F4C004A249A /* LinkedList.h */ = {isa = PBXFileReference; lastKnownFileType = sourcecode.c.h; path = LinkedList.h; sourceTree = "<group>"; };
		9B85E7E024FB4F4C004A249A /* LinkedList.m */ = {isa = PBXFileReference; lastKnownFileType = sourcecode.c.objc; path = LinkedList.m; sourceTree = "<group>"; };
		9BA9627A2501329900B68D2D /* LRUCache.h */ = {isa = PBXFileReference; lastKnownFileType = sourcecode.c.h; path = LRUCache.h; sourceTree = "<group>"; };
		9BA9627B2501329900B68D2D /* LRUCache.m */ = {isa = PBXFileReference; lastKnownFileType = sourcecode.c.objc; path = LRUCache.m; sourceTree = "<group>"; };
/* End PBXFileReference section */

/* Begin PBXFrameworksBuildPhase section */
		9B85E7C924FB446F004A249A /* Frameworks */ = {
			isa = PBXFrameworksBuildPhase;
			buildActionMask = 2147483647;
			files = (
			);
			runOnlyForDeploymentPostprocessing = 0;
		};
/* End PBXFrameworksBuildPhase section */

/* Begin PBXGroup section */
		9B85E7C324FB446F004A249A = {
			isa = PBXGroup;
			children = (
				9B85E7CE24FB446F004A249A /* 算法 */,
				9B85E7CD24FB446F004A249A /* Products */,
			);
			sourceTree = "<group>";
		};
		9B85E7CD24FB446F004A249A /* Products */ = {
			isa = PBXGroup;
			children = (
				9B85E7CC24FB446F004A249A /* 算法 */,
			);
			name = Products;
			sourceTree = "<group>";
		};
		9B85E7CE24FB446F004A249A /* 算法 */ = {
			isa = PBXGroup;
			children = (
				9B85E7CF24FB446F004A249A /* main.m */,
				9B85E7D624FB4497004A249A /* Sort.h */,
				9B85E7D724FB4497004A249A /* Sort.m */,
				9B85E7DF24FB4F4C004A249A /* LinkedList.h */,
				9B85E7E024FB4F4C004A249A /* LinkedList.m */,
				9B85E7DC24FB4EE0004A249A /* Tree.h */,
				9B85E7DD24FB4EE0004A249A /* Tree.m */,
				64A58AC124FCD54D00DD1999 /* MergeArr.h */,
				64A58AC224FCD54D00DD1999 /* MergeArr.m */,
				64A58AC724FD00C100DD1999 /* FullPermutation.h */,
				64A58AC824FD00C100DD1999 /* FullPermutation.m */,
				64A58ACA24FD07AA00DD1999 /* BinaryChop.h */,
				64A58ACB24FD07AA00DD1999 /* BinaryChop.m */,
				9BA9627A2501329900B68D2D /* LRUCache.h */,
				9BA9627B2501329900B68D2D /* LRUCache.m */,
			);
			path = "算法";
			sourceTree = "<group>";
		};
/* End PBXGroup section */

/* Begin PBXNativeTarget section */
		9B85E7CB24FB446F004A249A /* 算法 */ = {
			isa = PBXNativeTarget;
			buildConfigurationList = 9B85E7D324FB446F004A249A /* Build configuration list for PBXNativeTarget "算法" */;
			buildPhases = (
				9B85E7C824FB446F004A249A /* Sources */,
				9B85E7C924FB446F004A249A /* Frameworks */,
				9B85E7CA24FB446F004A249A /* CopyFiles */,
			);
			buildRules = (
			);
			dependencies = (
			);
			name = "算法";
			productName = "算法";
			productReference = 9B85E7CC24FB446F004A249A /* 算法 */;
			productType = "com.apple.product-type.tool";
		};
/* End PBXNativeTarget section */

/* Begin PBXProject section */
		9B85E7C424FB446F004A249A /* Project object */ = {
			isa = PBXProject;
			attributes = {
				LastUpgradeCheck = 1160;
				ORGANIZATIONNAME = rumble;
				TargetAttributes = {
					9B85E7CB24FB446F004A249A = {
						CreatedOnToolsVersion = 11.6;
					};
				};
			};
			buildConfigurationList = 9B85E7C724FB446F004A249A /* Build configuration list for PBXProject "算法" */;
			compatibilityVersion = "Xcode 9.3";
			developmentRegion = en;
			hasScannedForEncodings = 0;
			knownRegions = (
				en,
				Base,
			);
			mainGroup = 9B85E7C324FB446F004A249A;
			productRefGroup = 9B85E7CD24FB446F004A249A /* Products */;
			projectDirPath = "";
			projectRoot = "";
			targets = (
				9B85E7CB24FB446F004A249A /* 算法 */,
			);
		};
/* End PBXProject section */

/* Begin PBXSourcesBuildPhase section */
		9B85E7C824FB446F004A249A /* Sources */ = {
			isa = PBXSourcesBuildPhase;
			buildActionMask = 2147483647;
			files = (
				9B85E7D024FB446F004A249A /* main.m in Sources */,
				9B85E7DE24FB4EE0004A249A /* Tree.m in Sources */,
				9B85E7E124FB4F4C004A249A /* LinkedList.m in Sources */,
				64A58AC924FD00C100DD1999 /* FullPermutation.m in Sources */,
				9BA9627C2501329900B68D2D /* LRUCache.m in Sources */,
				9B85E7D824FB4497004A249A /* Sort.m in Sources */,
				64A58ACC24FD07AA00DD1999 /* BinaryChop.m in Sources */,
				64A58AC324FCD54D00DD1999 /* MergeArr.m in Sources */,
			);
			runOnlyForDeploymentPostprocessing = 0;
		};
/* End PBXSourcesBuildPhase section */

/* Begin XCBuildConfiguration section */
		9B85E7D124FB446F004A249A /* Debug */ = {
			isa = XCBuildConfiguration;
			buildSettings = {
				ALWAYS_SEARCH_USER_PATHS = NO;
				CLANG_ANALYZER_NONNULL = YES;
				CLANG_ANALYZER_NUMBER_OBJECT_CONVERSION = YES_AGGRESSIVE;
				CLANG_CXX_LANGUAGE_STANDARD = "gnu++14";
				CLANG_CXX_LIBRARY = "libc++";
				CLANG_ENABLE_MODULES = YES;
				CLANG_ENABLE_OBJC_ARC = YES;
				CLANG_ENABLE_OBJC_WEAK = YES;
				CLANG_WARN_BLOCK_CAPTURE_AUTORELEASING = YES;
				CLANG_WARN_BOOL_CONVERSION = YES;
				CLANG_WARN_COMMA = YES;
				CLANG_WARN_CONSTANT_CONVERSION = YES;
				CLANG_WARN_DEPRECATED_OBJC_IMPLEMENTATIONS = YES;
				CLANG_WARN_DIRECT_OBJC_ISA_USAGE = YES_ERROR;
				CLANG_WARN_DOCUMENTATION_COMMENTS = YES;
				CLANG_WARN_EMPTY_BODY = YES;
				CLANG_WARN_ENUM_CONVERSION = YES;
				CLANG_WARN_INFINITE_RECURSION = YES;
				CLANG_WARN_INT_CONVERSION = YES;
				CLANG_WARN_NON_LITERAL_NULL_CONVERSION = YES;
				CLANG_WARN_OBJC_IMPLICIT_RETAIN_SELF = YES;
				CLANG_WARN_OBJC_LITERAL_CONVERSION = YES;
				CLANG_WARN_OBJC_ROOT_CLASS = YES_ERROR;
				CLANG_WARN_RANGE_LOOP_ANALYSIS = YES;
				CLANG_WARN_STRICT_PROTOTYPES = YES;
				CLANG_WARN_SUSPICIOUS_MOVE = YES;
				CLANG_WARN_UNGUARDED_AVAILABILITY = YES_AGGRESSIVE;
				CLANG_WARN_UNREACHABLE_CODE = YES;
				CLANG_WARN__DUPLICATE_METHOD_MATCH = YES;
				COPY_PHASE_STRIP = NO;
				DEBUG_INFORMATION_FORMAT = dwarf;
				ENABLE_STRICT_OBJC_MSGSEND = YES;
				ENABLE_TESTABILITY = YES;
				GCC_C_LANGUAGE_STANDARD = gnu11;
				GCC_DYNAMIC_NO_PIC = NO;
				GCC_NO_COMMON_BLOCKS = YES;
				GCC_OPTIMIZATION_LEVEL = 0;
				GCC_PREPROCESSOR_DEFINITIONS = (
					"DEBUG=1",
					"$(inherited)",
				);
				GCC_WARN_64_TO_32_BIT_CONVERSION = YES;
				GCC_WARN_ABOUT_RETURN_TYPE = YES_ERROR;
				GCC_WARN_UNDECLARED_SELECTOR = YES;
				GCC_WARN_UNINITIALIZED_AUTOS = YES_AGGRESSIVE;
				GCC_WARN_UNUSED_FUNCTION = YES;
				GCC_WARN_UNUSED_VARIABLE = YES;
				MACOSX_DEPLOYMENT_TARGET = 10.15;
				MTL_ENABLE_DEBUG_INFO = INCLUDE_SOURCE;
				MTL_FAST_MATH = YES;
				ONLY_ACTIVE_ARCH = YES;
				SDKROOT = macosx;
			};
			name = Debug;
		};
		9B85E7D224FB446F004A249A /* Release */ = {
			isa = XCBuildConfiguration;
			buildSettings = {
				ALWAYS_SEARCH_USER_PATHS = NO;
				CLANG_ANALYZER_NONNULL = YES;
				CLANG_ANALYZER_NUMBER_OBJECT_CONVERSION = YES_AGGRESSIVE;
				CLANG_CXX_LANGUAGE_STANDARD = "gnu++14";
				CLANG_CXX_LIBRARY = "libc++";
				CLANG_ENABLE_MODULES = YES;
				CLANG_ENABLE_OBJC_ARC = YES;
				CLANG_ENABLE_OBJC_WEAK = YES;
				CLANG_WARN_BLOCK_CAPTURE_AUTORELEASING = YES;
				CLANG_WARN_BOOL_CONVERSION = YES;
				CLANG_WARN_COMMA = YES;
				CLANG_WARN_CONSTANT_CONVERSION = YES;
				CLANG_WARN_DEPRECATED_OBJC_IMPLEMENTATIONS = YES;
				CLANG_WARN_DIRECT_OBJC_ISA_USAGE = YES_ERROR;
				CLANG_WARN_DOCUMENTATION_COMMENTS = YES;
				CLANG_WARN_EMPTY_BODY = YES;
				CLANG_WARN_ENUM_CONVERSION = YES;
				CLANG_WARN_INFINITE_RECURSION = YES;
				CLANG_WARN_INT_CONVERSION = YES;
				CLANG_WARN_NON_LITERAL_NULL_CONVERSION = YES;
				CLANG_WARN_OBJC_IMPLICIT_RETAIN_SELF = YES;
				CLANG_WARN_OBJC_LITERAL_CONVERSION = YES;
				CLANG_WARN_OBJC_ROOT_CLASS = YES_ERROR;
				CLANG_WARN_RANGE_LOOP_ANALYSIS = YES;
				CLANG_WARN_STRICT_PROTOTYPES = YES;
				CLANG_WARN_SUSPICIOUS_MOVE = YES;
				CLANG_WARN_UNGUARDED_AVAILABILITY = YES_AGGRESSIVE;
				CLANG_WARN_UNREACHABLE_CODE = YES;
				CLANG_WARN__DUPLICATE_METHOD_MATCH = YES;
				COPY_PHASE_STRIP = NO;
				DEBUG_INFORMATION_FORMAT = "dwarf-with-dsym";
				ENABLE_NS_ASSERTIONS = NO;
				ENABLE_STRICT_OBJC_MSGSEND = YES;
				GCC_C_LANGUAGE_STANDARD = gnu11;
				GCC_NO_COMMON_BLOCKS = YES;
				GCC_WARN_64_TO_32_BIT_CONVERSION = YES;
				GCC_WARN_ABOUT_RETURN_TYPE = YES_ERROR;
				GCC_WARN_UNDECLARED_SELECTOR = YES;
				GCC_WARN_UNINITIALIZED_AUTOS = YES_AGGRESSIVE;
				GCC_WARN_UNUSED_FUNCTION = YES;
				GCC_WARN_UNUSED_VARIABLE = YES;
				MACOSX_DEPLOYMENT_TARGET = 10.15;
				MTL_ENABLE_DEBUG_INFO = NO;
				MTL_FAST_MATH = YES;
				SDKROOT = macosx;
			};
			name = Release;
		};
		9B85E7D424FB446F004A249A /* Debug */ = {
			isa = XCBuildConfiguration;
			buildSettings = {
				CODE_SIGN_STYLE = Automatic;
				PRODUCT_NAME = "$(TARGET_NAME)";
			};
			name = Debug;
		};
		9B85E7D524FB446F004A249A /* Release */ = {
			isa = XCBuildConfiguration;
			buildSettings = {
				CODE_SIGN_STYLE = Automatic;
				PRODUCT_NAME = "$(TARGET_NAME)";
			};
			name = Release;
		};
/* End XCBuildConfiguration section */

/* Begin XCConfigurationList section */
		9B85E7C724FB446F004A249A /* Build configuration list for PBXProject "算法" */ = {
			isa = XCConfigurationList;
			buildConfigurations = (
				9B85E7D124FB446F004A249A /* Debug */,
				9B85E7D224FB446F004A249A /* Release */,
			);
			defaultConfigurationIsVisible = 0;
			defaultConfigurationName = Release;
		};
		9B85E7D324FB446F004A249A /* Build configuration list for PBXNativeTarget "算法" */ = {
			isa = XCConfigurationList;
			buildConfigurations = (
				9B85E7D424FB446F004A249A /* Debug */,
				9B85E7D524FB446F004A249A /* Release */,
			);
			defaultConfigurationIsVisible = 0;
			defaultConfigurationName = Release;
		};
/* End XCConfigurationList section */
	};
	rootObject = 9B85E7C424FB446F004A249A /* Project object */;
}
